# THIS IS AN AUTOGENERATED FILE. DO NOT EDIT THIS FILE DIRECTLY.
# yarn lockfile v1


"@types/history@*":
  version "4.7.5"
  resolved "https://registry.npm.taobao.org/@types/history/download/@types/history-4.7.5.tgz#527d20ef68571a4af02ed74350164e7a67544860"
  integrity sha1-Un0g72hXGkrwLtdDUBZOemdUSGA=

"@types/prop-types@*":
  version "15.7.3"
  resolved "https://registry.npm.taobao.org/@types/prop-types/download/@types/prop-types-15.7.3.tgz?cache=0&sync_timestamp=1580843756408&other_urls=https%3A%2F%2Fregistry.npm.taobao.org%2F%40types%2Fprop-types%2Fdownload%2F%40types%2Fprop-types-15.7.3.tgz#2ab0d5da2e5815f94b0b9d4b95d1e5f243ab2ca7"
  integrity sha1-KrDV2i5YFflLC51LldHl8kOrLKc=

"@types/react-router-dom@^5.1.3":
  version "5.1.3"
  resolved "https://registry.npm.taobao.org/@types/react-router-dom/download/@types/react-router-dom-5.1.3.tgz#b5d28e7850bd274d944c0fbbe5d57e6b30d71196"
  integrity sha1-tdKOeFC9J02UTA+75dV+azDXEZY=
  dependencies:
    "@types/history" "*"
    "@types/react" "*"
    "@types/react-router" "*"

"@types/react-router@*", "@types/react-router@^5.1.4":
  version "5.1.4"
  resolved "https://registry.npm.taobao.org/@types/react-router/download/@types/react-router-5.1.4.tgz#7d70bd905543cb6bcbdcc6bd98902332054f31a6"
  integrity sha1-fXC9kFVDy2vL3Ma9mJAjMgVPMaY=
  dependencies:
    "@types/history" "*"
    "@types/react" "*"

"@types/react@*":
  version "16.9.23"
  resolved "https://registry.npm.taobao.org/@types/react/download/@types/react-16.9.23.tgz#1a66c6d468ba11a8943ad958a8cb3e737568271c"
  integrity sha1-GmbG1Gi6EaiUOtlYqMs+c3VoJxw=
  dependencies:
    "@types/prop-types" "*"
    csstype "^2.2.0"

"@types/redux-logger@^3.0.7":
  version "3.0.7"
  resolved "https://registry.npm.taobao.org/@types/redux-logger/download/@types/redux-logger-3.0.7.tgz#163f6f6865c69c21d56f9356dc8d741718ec0db0"
  integrity sha1-Fj9vaGXGnCHVb5NW3I10FxjsDbA=
  dependencies:
    redux "^3.6.0"

axios@^0.19.2:
  version "0.19.2"
  resolved "https://registry.npm.taobao.org/axios/download/axios-0.19.2.tgz#3ea36c5d8818d0d5f8a8a97a6d36b86cdc00cb27"
  integrity sha1-PqNsXYgY0NX4qKl6bTa4bNwAyyc=
  dependencies:
    follow-redirects "1.5.10"

csstype@^2.2.0:
  version "2.6.9"
  resolved "https://registry.npm.taobao.org/csstype/download/csstype-2.6.9.tgz#05141d0cd557a56b8891394c1911c40c8a98d098"
  integrity sha1-BRQdDNVXpWuIkTlMGRHEDIqY0Jg=

debug@=3.1.0:
  version "3.1.0"
  resolved "https://registry.npm.taobao.org/debug/download/debug-3.1.0.tgz#5bb5a0672628b64149566ba16819e61518c67261"
  integrity sha1-W7WgZyYotkFJVmuhaBnmFRjGcmE=
  dependencies:
    ms "2.0.0"

deep-diff@^0.3.5:
  version "0.3.8"
  resolved "https://registry.npm.taobao.org/deep-diff/download/deep-diff-0.3.8.tgz#c01de63efb0eec9798801d40c7e0dae25b582c84"
  integrity sha1-wB3mPvsO7JeYgB1Ax+Da4ltYLIQ=

follow-redirects@1.5.10:
  version "1.5.10"
  resolved "https://registry.npm.taobao.org/follow-redirects/download/follow-redirects-1.5.10.tgz#7b7a9f9aea2fdff36786a94ff643ed07f4ff5e2a"
  integrity sha1-e3qfmuov3/NnhqlP9kPtB/T/Xio=
  dependencies:
    debug "=3.1.0"

"js-tokens@^3.0.0 || ^4.0.0":
  version "4.0.0"
  resolved "https://registry.npm.taobao.org/js-tokens/download/js-tokens-4.0.0.tgz#19203fb59991df98e3a287050d4647cdeaf32499"
  integrity sha1-GSA/tZmR35jjoocFDUZHzerzJJk=

lodash-es@^4.2.1:
  version "4.17.15"
  resolved "https://registry.npm.taobao.org/lodash-es/download/lodash-es-4.17.15.tgz?cache=0&other_urls=https%3A%2F%2Fregistry.npm.taobao.org%2Flodash-es%2Fdownload%2Flodash-es-4.17.15.tgz#21bd96839354412f23d7a10340e5eac6ee455d78"
  integrity sha1-Ib2Wg5NUQS8j16EDQOXqxu5FXXg=

lodash@^4.2.1:
  version "4.17.15"
  resolved "https://registry.npm.taobao.org/lodash/download/lodash-4.17.15.tgz#b447f6670a0455bbfeedd11392eff330ea097548"
  integrity sha1-tEf2ZwoEVbv+7dETku/zMOoJdUg=

loose-envify@^1.1.0, loose-envify@^1.4.0:
  version "1.4.0"
  resolved "https://registry.npm.taobao.org/loose-envify/download/loose-envify-1.4.0.tgz#71ee51fa7be4caec1a63839f7e682d8132d30caf"
  integrity sha1-ce5R+nvkyuwaY4OffmgtgTLTDK8=
  dependencies:
    js-tokens "^3.0.0 || ^4.0.0"

ms@2.0.0:
  version "2.0.0"
  resolved "https://registry.npm.taobao.org/ms/download/ms-2.0.0.tgz#5608aeadfc00be6c2901df5f9861788de0d597c8"
  integrity sha1-VgiurfwAvmwpAd9fmGF4jeDVl8g=

redux-logger@^3.0.6:
  version "3.0.6"
  resolved "https://registry.npm.taobao.org/redux-logger/download/redux-logger-3.0.6.tgz#f7555966f3098f3c88604c449cf0baf5778274bf"
  integrity sha1-91VZZvMJjzyIYExEnPC69XeCdL8=
  dependencies:
    deep-diff "^0.3.5"

redux@^3.6.0:
  version "3.7.2"
  resolved "https://registry.npm.taobao.org/redux/download/redux-3.7.2.tgz?cache=0&sync_timestamp=1577154206919&other_urls=https%3A%2F%2Fregistry.npm.taobao.org%2Fredux%2Fdownload%2Fredux-3.7.2.tgz#06b73123215901d25d065be342eb026bc1c8537b"
  integrity sha1-BrcxIyFZAdJdBlvjQusCa8HIU3s=
  dependencies:
    lodash "^4.2.1"
    lodash-es "^4.2.1"
    loose-envify "^1.1.0"
    symbol-observable "^1.0.3"

redux@^4.0.5:
  version "4.0.5"
  resolved "https://registry.npm.taobao.org/redux/download/redux-4.0.5.tgz#4db5de5816e17891de8a80c424232d06f051d93f"
  integrity sha1-TbXeWBbheJHeioDEJCMtBvBR2T8=
  dependencies:
    loose-envify "^1.4.0"
    symbol-observable "^1.2.0"

symbol-observable@^1.0.3, symbol-observable@^1.2.0:
  version "1.2.0"
  resolved "https://registry.npm.taobao.org/symbol-observable/download/symbol-observable-1.2.0.tgz#c22688aed4eab3cdc2dfeacbb561660560a00804"
  integrity sha1-wiaIrtTqs83C3+rLtWFmBWCgCAQ=
